
Microsoft Visual Studio Solution File, Format Version 12.00
# Visual Studio Version 16
VisualStudioVersion = 16.0.30804.86
MinimumVisualStudioVersion = 10.0.40219.1
Project("{FAE04EC0-301F-11D3-BF4B-00C04F79EFBC}") = "GOLStartUpTemplate-Lecture examples", "GOLStartUpTemplate-Lecture examples\GOLStartUpTemplate-Lecture examples.csproj", "{E4344E48-7E5D-44B1-BB3F-E62193E6839A}"
EndProject
Global
	GlobalSection(SolutionConfigurationPlatforms) = preSolution
		Debug|Any CPU = Debug|Any CPU
		Release|Any CPU = Release|Any CPU
	EndGlobalSection
	GlobalSection(ProjectConfigurationPlatforms) = postSolution
		{E4344E48-7E5D-44B1-BB3F-E62193E6839A}.Debug|Any CPU.ActiveCfg = Debug|Any CPU
		{E4344E48-7E5D-44B1-BB3F-E62193E6839A}.Debug|Any CPU.Build.0 = Debug|Any CPU
		{E4344E48-7E5D-44B1-BB3F-E62193E6839A}.Release|Any CPU.ActiveCfg = Release|Any CPU
		{E4344E48-7E5D-44B1-BB3F-E62193E6839A}.Release|Any CPU.Build.0 = Release|Any CPU
	EndGlobalSection
	GlobalSection(SolutionProperties) = preSolution
		HideSolutionNode = FALSE
	EndGlobalSection
	GlobalSection(ExtensibilityGlobals) = postSolution
		SolutionGuid = {9128F41B-5884-4E82-9A7D-D9E89DA4986D}
	EndGlobalSection
EndGlobal
